
Microsoft Visual Studio Solution File, Format Version 12.00
# Visual Studio Version 17
VisualStudioVersion = 17.10.35201.131
MinimumVisualStudioVersion = 10.0.40219.1
Project("{9A19103F-16F7-4668-BE54-9A1E7A4F7556}") = "UrlShorteningService", "UrlShorteningService\UrlShorteningService.csproj", "{F2086CD7-8514-4F9E-9695-73F45F80EA99}"
EndProject
Project("{2150E333-8FDC-42A3-9474-1A3956D46DE8}") = "Solution Items", "Solution Items", "{299E1FC6-A8E5-41E4-A1BB-9C291F056E2F}"
	ProjectSection(SolutionItems) = preProject
		README.md = README.md
	EndProjectSection
EndProject
Global
	GlobalSection(SolutionConfigurationPlatforms) = preSolution
		Debug|Any CPU = Debug|Any CPU
		Release|Any CPU = Release|Any CPU
	EndGlobalSection
	GlobalSection(ProjectConfigurationPlatforms) = postSolution
		{F2086CD7-8514-4F9E-9695-73F45F80EA99}.Debug|Any CPU.ActiveCfg = Debug|Any CPU
		{F2086CD7-8514-4F9E-9695-73F45F80EA99}.Debug|Any CPU.Build.0 = Debug|Any CPU
		{F2086CD7-8514-4F9E-9695-73F45F80EA99}.Release|Any CPU.ActiveCfg = Release|Any CPU
		{F2086CD7-8514-4F9E-9695-73F45F80EA99}.Release|Any CPU.Build.0 = Release|Any CPU
	EndGlobalSection
	GlobalSection(SolutionProperties) = preSolution
		HideSolutionNode = FALSE
	EndGlobalSection
	GlobalSection(ExtensibilityGlobals) = postSolution
		SolutionGuid = {1B5D61AF-6065-4EFF-9A05-5AD24A8E9D9E}
	EndGlobalSection
EndGlobal
